# This file is autogenerated, do not edit; changes may be undone by the next 'dep ensure'.


[[projects]]
  name = "ekyu.moe/base256"
  packages = ["."]
  revision = "424e8ce8941619c316274628f7cf3c274b0c5713"
  version = "0.1.1"

[[projects]]
  name = "ekyu.moe/base91"
  packages = ["."]
  revision = "7e4bd9d3be0d847fb35b99a17a114e55d1bbbf5e"
  version = "v0.2.3"

[[projects]]
  name = "ekyu.moe/leb128"
  packages = ["."]
  revision = "34c607808d8acf511a748f59c86f897555fd2f19"
  version = "0.1.2"

[[projects]]
  branch = "master"
  name = "ekyu.moe/util"
  packages = ["bytesutil","cli","cli/internal","sugar"]
  revision = "b439704ee495af8620097b673250d0bb95eabc45"

[[projects]]
  branch = "master"
  name = "github.com/atotto/clipboard"
  packages = ["."]
  revision = "bb272b845f1112e10117e3e45ce39f690c0001ad"

[[projects]]
  name = "github.com/awnumar/memguard"
  packages = [".","memcall"]
  revision = "b482b0c828e2eeecbfebb05ca965c8d571afaeff"
  version = "v0.13.2"

[[projects]]
  name = "github.com/kyokomi/emoji"
  packages = ["."]
  revision = "7e06b236c489543f53868841f188a294e3383eab"
  version = "v1.5"

[[projects]]
  name = "github.com/mattn/go-colorable"
  packages = ["."]
  revision = "167de6bfdfba052fa6b2d3664c8f5272e23c9072"
  version = "v0.0.9"

[[projects]]
  name = "github.com/mattn/go-isatty"
  packages = ["."]
  revision = "0360b2af4f38e8d38c7fce2a9f4e702702d73a39"
  version = "v0.0.3"

[[projects]]
  branch = "master"
  name = "github.com/mgutz/ansi"
  packages = ["."]
  revision = "9520e82c474b0a04dd04f8a40959027271bab992"

[[projects]]
  branch = "master"
  name = "golang.org/x/crypto"
  packages = ["curve25519","nacl/secretbox","poly1305","salsa20/salsa","sha3","ssh/terminal"]
  revision = "94eea52f7b742c7cbe0b03b22f0c4c8631ece122"

[[projects]]
  branch = "master"
  name = "golang.org/x/sys"
  packages = ["unix","windows"]
  revision = "d5840adf789d732bc8b00f37b26ca956a7cc8e79"

[[projects]]
  name = "gopkg.in/AlecAivazis/survey.v1"
  packages = [".","core","terminal"]
  revision = "0aa8b6a162b391fe2d95648b7677d1d6ac2090a6"
  version = "v1.4.1"

[solve-meta]
  analyzer-name = "dep"
  analyzer-version = 1
  inputs-digest = "d3902fb03652c44f30d8c30e5546ae366241fc780ba9cf79a856c2ff4d8d9cfb"
  solver-name = "gps-cdcl"
  solver-version = 1
